// !$*UTF8*$!
{
	archiveVersion = 1;
	classes = {
	};
	objectVersion = 46;
	objects = {

/* Begin PBXBuildFile section */
		194B7B4C190317B30010CAAE /* tbnCaptureWebView.m in Sources */ = {isa = PBXBuildFile; fileRef = 194B7B4B190317B30010CAAE /* tbnCaptureWebView.m */; };
		19E283CB18FC7F80004D49E7 /* Foundation.framework in Frameworks */ = {isa = PBXBuildFile; fileRef = 19E283CA18FC7F80004D49E7 /* Foundation.framework */; };
		19E283CD18FC7F80004D49E7 /* CoreGraphics.framework in Frameworks */ = {isa = PBXBuildFile; fileRef = 19E283CC18FC7F80004D49E7 /* CoreGraphics.framework */; };
		19E283CF18FC7F80004D49E7 /* UIKit.framework in Frameworks */ = {isa = PBXBuildFile; fileRef = 19E283CE18FC7F80004D49E7 /* UIKit.framework */; };
		19E283D518FC7F80004D49E7 /* InfoPlist.strings in Resources */ = {isa = PBXBuildFile; fileRef = 19E283D318FC7F80004D49E7 /* InfoPlist.strings */; };
		19E283D718FC7F80004D49E7 /* main.m in Sources */ = {isa = PBXBuildFile; fileRef = 19E283D618FC7F80004D49E7 /* main.m */; };
		19E283DB18FC7F80004D49E7 /* tbnAppDelegate.m in Sources */ = {isa = PBXBuildFile; fileRef = 19E283DA18FC7F80004D49E7 /* tbnAppDelegate.m */; };
		19E283DE18FC7F80004D49E7 /* Main_iPhone.storyboard in Resources */ = {isa = PBXBuildFile; fileRef = 19E283DC18FC7F80004D49E7 /* Main_iPhone.storyboard */; };
		19E283E118FC7F80004D49E7 /* Main_iPad.storyboard in Resources */ = {isa = PBXBuildFile; fileRef = 19E283DF18FC7F80004D49E7 /* Main_iPad.storyboard */; };
		19E283E418FC7F80004D49E7 /* tbnMapViewController.m in Sources */ = {isa = PBXBuildFile; fileRef = 19E283E318FC7F80004D49E7 /* tbnMapViewController.m */; };
		19E283E718FC7F80004D49E7 /* tbnSecondViewController.m in Sources */ = {isa = PBXBuildFile; fileRef = 19E283E618FC7F80004D49E7 /* tbnSecondViewController.m */; };
		19E283E918FC7F80004D49E7 /* Images.xcassets in Resources */ = {isa = PBXBuildFile; fileRef = 19E283E818FC7F80004D49E7 /* Images.xcassets */; };
		19E283F018FC7F80004D49E7 /* XCTest.framework in Frameworks */ = {isa = PBXBuildFile; fileRef = 19E283EF18FC7F80004D49E7 /* XCTest.framework */; };
		19E283F118FC7F80004D49E7 /* Foundation.framework in Frameworks */ = {isa = PBXBuildFile; fileRef = 19E283CA18FC7F80004D49E7 /* Foundation.framework */; };
		19E283F218FC7F80004D49E7 /* UIKit.framework in Frameworks */ = {isa = PBXBuildFile; fileRef = 19E283CE18FC7F80004D49E7 /* UIKit.framework */; };
		19E283FA18FC7F80004D49E7 /* InfoPlist.strings in Resources */ = {isa = PBXBuildFile; fileRef = 19E283F818FC7F80004D49E7 /* InfoPlist.strings */; };
		19E283FC18FC7F80004D49E7 /* CaptureTests.m in Sources */ = {isa = PBXBuildFile; fileRef = 19E283FB18FC7F80004D49E7 /* CaptureTests.m */; };
		19E2840618FC8033004D49E7 /* AudioToolbox.framework in Frameworks */ = {isa = PBXBuildFile; fileRef = 19E2840518FC8033004D49E7 /* AudioToolbox.framework */; };
		19E2840818FC803D004D49E7 /* CFNetwork.framework in Frameworks */ = {isa = PBXBuildFile; fileRef = 19E2840718FC803D004D49E7 /* CFNetwork.framework */; };
		19E2840C18FC8056004D49E7 /* CoreLocation.framework in Frameworks */ = {isa = PBXBuildFile; fileRef = 19E2840918FC8056004D49E7 /* CoreLocation.framework */; };
		19E2840D18FC8056004D49E7 /* MobileCoreServices.framework in Frameworks */ = {isa = PBXBuildFile; fileRef = 19E2840A18FC8056004D49E7 /* MobileCoreServices.framework */; };
		19E2840E18FC8056004D49E7 /* QuartzCore.framework in Frameworks */ = {isa = PBXBuildFile; fileRef = 19E2840B18FC8056004D49E7 /* QuartzCore.framework */; };
		19E2841018FC805E004D49E7 /* libz.dylib in Frameworks */ = {isa = PBXBuildFile; fileRef = 19E2840F18FC805E004D49E7 /* libz.dylib */; };
		19E2841218FC8066004D49E7 /* Security.framework in Frameworks */ = {isa = PBXBuildFile; fileRef = 19E2841118FC8066004D49E7 /* Security.framework */; };
		19E2841418FC806D004D49E7 /* StoreKit.framework in Frameworks */ = {isa = PBXBuildFile; fileRef = 19E2841318FC806D004D49E7 /* StoreKit.framework */; };
		19E2841618FC8073004D49E7 /* SystemConfiguration.framework in Frameworks */ = {isa = PBXBuildFile; fileRef = 19E2841518FC8073004D49E7 /* SystemConfiguration.framework */; };
		19E2841A18FC809E004D49E7 /* Parse.framework in Frameworks */ = {isa = PBXBuildFile; fileRef = 19E2841918FC809E004D49E7 /* Parse.framework */; };
		19E2841D18FC81A8004D49E7 /* tbnParseManager.m in Sources */ = {isa = PBXBuildFile; fileRef = 19E2841C18FC81A8004D49E7 /* tbnParseManager.m */; };
/* End PBXBuildFile section */

/* Begin PBXContainerItemProxy section */
		19E283F318FC7F80004D49E7 /* PBXContainerItemProxy */ = {
			isa = PBXContainerItemProxy;
			containerPortal = 19E283BF18FC7F7F004D49E7 /* Project object */;
			proxyType = 1;
			remoteGlobalIDString = 19E283C618FC7F80004D49E7;
			remoteInfo = Capture;
		};
/* End PBXContainerItemProxy section */

/* Begin PBXFileReference section */
		194B7B4A190317B30010CAAE /* tbnCaptureWebView.h */ = {isa = PBXFileReference; fileEncoding = 4; lastKnownFileType = sourcecode.c.h; path = tbnCaptureWebView.h; sourceTree = "<group>"; };
		194B7B4B190317B30010CAAE /* tbnCaptureWebView.m */ = {isa = PBXFileReference; fileEncoding = 4; lastKnownFileType = sourcecode.c.objc; path = tbnCaptureWebView.m; sourceTree = "<group>"; };
		19E283C718FC7F80004D49E7 /* Capture.app */ = {isa = PBXFileReference; explicitFileType = wrapper.application; includeInIndex = 0; path = Capture.app; sourceTree = BUILT_PRODUCTS_DIR; };
		19E283CA18FC7F80004D49E7 /* Foundation.framework */ = {isa = PBXFileReference; lastKnownFileType = wrapper.framework; name = Foundation.framework; path = System/Library/Frameworks/Foundation.framework; sourceTree = SDKROOT; };
		19E283CC18FC7F80004D49E7 /* CoreGraphics.framework */ = {isa = PBXFileReference; lastKnownFileType = wrapper.framework; name = CoreGraphics.framework; path = System/Library/Frameworks/CoreGraphics.framework; sourceTree = SDKROOT; };
		19E283CE18FC7F80004D49E7 /* UIKit.framework */ = {isa = PBXFileReference; lastKnownFileType = wrapper.framework; name = UIKit.framework; path = System/Library/Frameworks/UIKit.framework; sourceTree = SDKROOT; };
		19E283D218FC7F80004D49E7 /* Capture-Info.plist */ = {isa = PBXFileReference; lastKnownFileType = text.plist.xml; path = "Capture-Info.plist"; sourceTree = "<group>"; };
		19E283D418FC7F80004D49E7 /* en */ = {isa = PBXFileReference; lastKnownFileType = text.plist.strings; name = en; path = en.lproj/InfoPlist.strings; sourceTree = "<group>"; };
		19E283D618FC7F80004D49E7 /* main.m */ = {isa = PBXFileReference; lastKnownFileType = sourcecode.c.objc; path = main.m; sourceTree = "<group>"; };
		19E283D818FC7F80004D49E7 /* Capture-Prefix.pch */ = {isa = PBXFileReference; lastKnownFileType = sourcecode.c.h; path = "Capture-Prefix.pch"; sourceTree = "<group>"; };
		19E283D918FC7F80004D49E7 /* tbnAppDelegate.h */ = {isa = PBXFileReference; lastKnownFileType = sourcecode.c.h; path = tbnAppDelegate.h; sourceTree = "<group>"; };
		19E283DA18FC7F80004D49E7 /* tbnAppDelegate.m */ = {isa = PBXFileReference; lastKnownFileType = sourcecode.c.objc; path = tbnAppDelegate.m; sourceTree = "<group>"; };
		19E283DD18FC7F80004D49E7 /* Base */ = {isa = PBXFileReference; lastKnownFileType = file.storyboard; name = Base; path = Base.lproj/Main_iPhone.storyboard; sourceTree = "<group>"; };
		19E283E018FC7F80004D49E7 /* Base */ = {isa = PBXFileReference; lastKnownFileType = file.storyboard; name = Base; path = Base.lproj/Main_iPad.storyboard; sourceTree = "<group>"; };
		19E283E218FC7F80004D49E7 /* tbnMapViewController.h */ = {isa = PBXFileReference; lastKnownFileType = sourcecode.c.h; path = tbnMapViewController.h; sourceTree = "<group>"; };
		19E283E318FC7F80004D49E7 /* tbnMapViewController.m */ = {isa = PBXFileReference; lastKnownFileType = sourcecode.c.objc; path = tbnMapViewController.m; sourceTree = "<group>"; };
		19E283E518FC7F80004D49E7 /* tbnSecondViewController.h */ = {isa = PBXFileReference; lastKnownFileType = sourcecode.c.h; path = tbnSecondViewController.h; sourceTree = "<group>"; };
		19E283E618FC7F80004D49E7 /* tbnSecondViewController.m */ = {isa = PBXFileReference; lastKnownFileType = sourcecode.c.objc; path = tbnSecondViewController.m; sourceTree = "<group>"; };
		19E283E818FC7F80004D49E7 /* Images.xcassets */ = {isa = PBXFileReference; lastKnownFileType = folder.assetcatalog; path = Images.xcassets; sourceTree = "<group>"; };
		19E283EE18FC7F80004D49E7 /* CaptureTests.xctest */ = {isa = PBXFileReference; explicitFileType = wrapper.cfbundle; includeInIndex = 0; path = CaptureTests.xctest; sourceTree = BUILT_PRODUCTS_DIR; };
		19E283EF18FC7F80004D49E7 /* XCTest.framework */ = {isa = PBXFileReference; lastKnownFileType = wrapper.framework; name = XCTest.framework; path = Library/Frameworks/XCTest.framework; sourceTree = DEVELOPER_DIR; };
		19E283F718FC7F80004D49E7 /* CaptureTests-Info.plist */ = {isa = PBXFileReference; lastKnownFileType = text.plist.xml; path = "CaptureTests-Info.plist"; sourceTree = "<group>"; };
		19E283F918FC7F80004D49E7 /* en */ = {isa = PBXFileReference; lastKnownFileType = text.plist.strings; name = en; path = en.lproj/InfoPlist.strings; sourceTree = "<group>"; };
		19E283FB18FC7F80004D49E7 /* CaptureTests.m */ = {isa = PBXFileReference; lastKnownFileType = sourcecode.c.objc; path = CaptureTests.m; sourceTree = "<group>"; };
		19E2840518FC8033004D49E7 /* AudioToolbox.framework */ = {isa = PBXFileReference; lastKnownFileType = wrapper.framework; name = AudioToolbox.framework; path = System/Library/Frameworks/AudioToolbox.framework; sourceTree = SDKROOT; };
		19E2840718FC803D004D49E7 /* CFNetwork.framework */ = {isa = PBXFileReference; lastKnownFileType = wrapper.framework; name = CFNetwork.framework; path = System/Library/Frameworks/CFNetwork.framework; sourceTree = SDKROOT; };
		19E2840918FC8056004D49E7 /* CoreLocation.framework */ = {isa = PBXFileReference; lastKnownFileType = wrapper.framework; name = CoreLocation.framework; path = System/Library/Frameworks/CoreLocation.framework; sourceTree = SDKROOT; };
		19E2840A18FC8056004D49E7 /* MobileCoreServices.framework */ = {isa = PBXFileReference; lastKnownFileType = wrapper.framework; name = MobileCoreServices.framework; path = System/Library/Frameworks/MobileCoreServices.framework; sourceTree = SDKROOT; };
		19E2840B18FC8056004D49E7 /* QuartzCore.framework */ = {isa = PBXFileReference; lastKnownFileType = wrapper.framework; name = QuartzCore.framework; path = System/Library/Frameworks/QuartzCore.framework; sourceTree = SDKROOT; };
		19E2840F18FC805E004D49E7 /* libz.dylib */ = {isa = PBXFileReference; lastKnownFileType = "compiled.mach-o.dylib"; name = libz.dylib; path = usr/lib/libz.dylib; sourceTree = SDKROOT; };
		19E2841118FC8066004D49E7 /* Security.framework */ = {isa = PBXFileReference; lastKnownFileType = wrapper.framework; name = Security.framework; path = System/Library/Frameworks/Security.framework; sourceTree = SDKROOT; };
		19E2841318FC806D004D49E7 /* StoreKit.framework */ = {isa = PBXFileReference; lastKnownFileType = wrapper.framework; name = StoreKit.framework; path = System/Library/Frameworks/StoreKit.framework; sourceTree = SDKROOT; };
		19E2841518FC8073004D49E7 /* SystemConfiguration.framework */ = {isa = PBXFileReference; lastKnownFileType = wrapper.framework; name = SystemConfiguration.framework; path = System/Library/Frameworks/SystemConfiguration.framework; sourceTree = SDKROOT; };
		19E2841718FC807D004D49E7 /* parse-library-1.2.19.zip */ = {isa = PBXFileReference; lastKnownFileType = archive.zip; name = "parse-library-1.2.19.zip"; path = "../parse-library-1.2.19.zip"; sourceTree = "<group>"; };
		19E2841918FC809E004D49E7 /* Parse.framework */ = {isa = PBXFileReference; lastKnownFileType = wrapper.framework; name = Parse.framework; path = ../Parse.framework; sourceTree = "<group>"; };
		19E2841B18FC81A8004D49E7 /* tbnParseManager.h */ = {isa = PBXFileReference; fileEncoding = 4; lastKnownFileType = sourcecode.c.h; path = tbnParseManager.h; sourceTree = "<group>"; };
		19E2841C18FC81A8004D49E7 /* tbnParseManager.m */ = {isa = PBXFileReference; fileEncoding = 4; lastKnownFileType = sourcecode.c.objc; path = tbnParseManager.m; sourceTree = "<group>"; };
/* End PBXFileReference section */

/* Begin PBXFrameworksBuildPhase section */
		19E283C418FC7F80004D49E7 /* Frameworks */ = {
			isa = PBXFrameworksBuildPhase;
			buildActionMask = 2147483647;
			files = (
				19E2841A18FC809E004D49E7 /* Parse.framework in Frameworks */,
				19E2841618FC8073004D49E7 /* SystemConfiguration.framework in Frameworks */,
				19E2841418FC806D004D49E7 /* StoreKit.framework in Frameworks */,
				19E2841218FC8066004D49E7 /* Security.framework in Frameworks */,
				19E2841018FC805E004D49E7 /* libz.dylib in Frameworks */,
				19E2840C18FC8056004D49E7 /* CoreLocation.framework in Frameworks */,
				19E2840D18FC8056004D49E7 /* MobileCoreServices.framework in Frameworks */,
				19E2840E18FC8056004D49E7 /* QuartzCore.framework in Frameworks */,
				19E283CD18FC7F80004D49E7 /* CoreGraphics.framework in Frameworks */,
				19E2840818FC803D004D49E7 /* CFNetwork.framework in Frameworks */,
				19E2840618FC8033004D49E7 /* AudioToolbox.framework in Frameworks */,
				19E283CF18FC7F80004D49E7 /* UIKit.framework in Frameworks */,
				19E283CB18FC7F80004D49E7 /* Foundation.framework in Frameworks */,
			);
			runOnlyForDeploymentPostprocessing = 0;
		};
		19E283EB18FC7F80004D49E7 /* Frameworks */ = {
			isa = PBXFrameworksBuildPhase;
			buildActionMask = 2147483647;
			files = (
				19E283F018FC7F80004D49E7 /* XCTest.framework in Frameworks */,
				19E283F218FC7F80004D49E7 /* UIKit.framework in Frameworks */,
				19E283F118FC7F80004D49E7 /* Foundation.framework in Frameworks */,
			);
			runOnlyForDeploymentPostprocessing = 0;
		};
/* End PBXFrameworksBuildPhase section */

/* Begin PBXGroup section */
		19E283BE18FC7F7F004D49E7 = {
			isa = PBXGroup;
			children = (
				19E283D018FC7F80004D49E7 /* Capture */,
				19E283F518FC7F80004D49E7 /* CaptureTests */,
				19E283C918FC7F80004D49E7 /* Frameworks */,
				19E283C818FC7F80004D49E7 /* Products */,
			);
			sourceTree = "<group>";
		};
		19E283C818FC7F80004D49E7 /* Products */ = {
			isa = PBXGroup;
			children = (
				19E283C718FC7F80004D49E7 /* Capture.app */,
				19E283EE18FC7F80004D49E7 /* CaptureTests.xctest */,
			);
			name = Products;
			sourceTree = "<group>";
		};
		19E283C918FC7F80004D49E7 /* Frameworks */ = {
			isa = PBXGroup;
			children = (
				19E2841918FC809E004D49E7 /* Parse.framework */,
				19E2841718FC807D004D49E7 /* parse-library-1.2.19.zip */,
				19E2841518FC8073004D49E7 /* SystemConfiguration.framework */,
				19E2841318FC806D004D49E7 /* StoreKit.framework */,
				19E2841118FC8066004D49E7 /* Security.framework */,
				19E2840F18FC805E004D49E7 /* libz.dylib */,
				19E2840918FC8056004D49E7 /* CoreLocation.framework */,
				19E2840A18FC8056004D49E7 /* MobileCoreServices.framework */,
				19E2840B18FC8056004D49E7 /* QuartzCore.framework */,
				19E2840718FC803D004D49E7 /* CFNetwork.framework */,
				19E2840518FC8033004D49E7 /* AudioToolbox.framework */,
				19E283CA18FC7F80004D49E7 /* Foundation.framework */,
				19E283CC18FC7F80004D49E7 /* CoreGraphics.framework */,
				19E283CE18FC7F80004D49E7 /* UIKit.framework */,
				19E283EF18FC7F80004D49E7 /* XCTest.framework */,
			);
			name = Frameworks;
			sourceTree = "<group>";
		};
		19E283D018FC7F80004D49E7 /* Capture */ = {
			isa = PBXGroup;
			children = (
				19E283D918FC7F80004D49E7 /* tbnAppDelegate.h */,
				19E283DA18FC7F80004D49E7 /* tbnAppDelegate.m */,
				19E283DC18FC7F80004D49E7 /* Main_iPhone.storyboard */,
				19E283DF18FC7F80004D49E7 /* Main_iPad.storyboard */,
				19E283E218FC7F80004D49E7 /* tbnMapViewController.h */,
				19E283E318FC7F80004D49E7 /* tbnMapViewController.m */,
				19E283E518FC7F80004D49E7 /* tbnSecondViewController.h */,
				194B7B4A190317B30010CAAE /* tbnCaptureWebView.h */,
				194B7B4B190317B30010CAAE /* tbnCaptureWebView.m */,
				19E283E618FC7F80004D49E7 /* tbnSecondViewController.m */,
				19E283E818FC7F80004D49E7 /* Images.xcassets */,
				19E283D118FC7F80004D49E7 /* Supporting Files */,
				19E2841B18FC81A8004D49E7 /* tbnParseManager.h */,
				19E2841C18FC81A8004D49E7 /* tbnParseManager.m */,
			);
			path = Capture;
			sourceTree = "<group>";
		};
		19E283D118FC7F80004D49E7 /* Supporting Files */ = {
			isa = PBXGroup;
			children = (
				19E283D218FC7F80004D49E7 /* Capture-Info.plist */,
				19E283D318FC7F80004D49E7 /* InfoPlist.strings */,
				19E283D618FC7F80004D49E7 /* main.m */,
				19E283D818FC7F80004D49E7 /* Capture-Prefix.pch */,
			);
			name = "Supporting Files";
			sourceTree = "<group>";
		};
		19E283F518FC7F80004D49E7 /* CaptureTests */ = {
			isa = PBXGroup;
			children = (
				19E283FB18FC7F80004D49E7 /* CaptureTests.m */,
				19E283F618FC7F80004D49E7 /* Supporting Files */,
			);
			path = CaptureTests;
			sourceTree = "<group>";
		};
		19E283F618FC7F80004D49E7 /* Supporting Files */ = {
			isa = PBXGroup;
			children = (
				19E283F718FC7F80004D49E7 /* CaptureTests-Info.plist */,
				19E283F818FC7F80004D49E7 /* InfoPlist.strings */,
			);
			name = "Supporting Files";
			sourceTree = "<group>";
		};
/* End PBXGroup section */

/* Begin PBXNativeTarget section */
		19E283C618FC7F80004D49E7 /* Capture */ = {
			isa = PBXNativeTarget;
			buildConfigurationList = 19E283FF18FC7F80004D49E7 /* Build configuration list for PBXNativeTarget "Capture" */;
			buildPhases = (
				19E283C318FC7F80004D49E7 /* Sources */,
				19E283C418FC7F80004D49E7 /* Frameworks */,
				19E283C518FC7F80004D49E7 /* Resources */,
			);
			buildRules = (
			);
			dependencies = (
			);
			name = Capture;
			productName = Capture;
			productReference = 19E283C718FC7F80004D49E7 /* Capture.app */;
			productType = "com.apple.product-type.application";
		};
		19E283ED18FC7F80004D49E7 /* CaptureTests */ = {
			isa = PBXNativeTarget;
			buildConfigurationList = 19E2840218FC7F80004D49E7 /* Build configuration list for PBXNativeTarget "CaptureTests" */;
			buildPhases = (
				19E283EA18FC7F80004D49E7 /* Sources */,
				19E283EB18FC7F80004D49E7 /* Frameworks */,
				19E283EC18FC7F80004D49E7 /* Resources */,
			);
			buildRules = (
			);
			dependencies = (
				19E283F418FC7F80004D49E7 /* PBXTargetDependency */,
			);
			name = CaptureTests;
			productName = CaptureTests;
			productReference = 19E283EE18FC7F80004D49E7 /* CaptureTests.xctest */;
			productType = "com.apple.product-type.bundle.unit-test";
		};
/* End PBXNativeTarget section */

/* Begin PBXProject section */
		19E283BF18FC7F7F004D49E7 /* Project object */ = {
			isa = PBXProject;
			attributes = {
				CLASSPREFIX = tbn;
				LastUpgradeCheck = 0510;
				ORGANIZATIONNAME = "The Best Network";
				TargetAttributes = {
					19E283ED18FC7F80004D49E7 = {
						TestTargetID = 19E283C618FC7F80004D49E7;
					};
				};
			};
			buildConfigurationList = 19E283C218FC7F80004D49E7 /* Build configuration list for PBXProject "Capture" */;
			compatibilityVersion = "Xcode 3.2";
			developmentRegion = English;
			hasScannedForEncodings = 0;
			knownRegions = (
				en,
				Base,
			);
			mainGroup = 19E283BE18FC7F7F004D49E7;
			productRefGroup = 19E283C818FC7F80004D49E7 /* Products */;
			projectDirPath = "";
			projectRoot = "";
			targets = (
				19E283C618FC7F80004D49E7 /* Capture */,
				19E283ED18FC7F80004D49E7 /* CaptureTests */,
			);
		};
/* End PBXProject section */

/* Begin PBXResourcesBuildPhase section */
		19E283C518FC7F80004D49E7 /* Resources */ = {
			isa = PBXResourcesBuildPhase;
			buildActionMask = 2147483647;
			files = (
				19E283E118FC7F80004D49E7 /* Main_iPad.storyboard in Resources */,
				19E283E918FC7F80004D49E7 /* Images.xcassets in Resources */,
				19E283DE18FC7F80004D49E7 /* Main_iPhone.storyboard in Resources */,
				19E283D518FC7F80004D49E7 /* InfoPlist.strings in Resources */,
			);
			runOnlyForDeploymentPostprocessing = 0;
		};
		19E283EC18FC7F80004D49E7 /* Resources */ = {
			isa = PBXResourcesBuildPhase;
			buildActionMask = 2147483647;
			files = (
				19E283FA18FC7F80004D49E7 /* InfoPlist.strings in Resources */,
			);
			runOnlyForDeploymentPostprocessing = 0;
		};
/* End PBXResourcesBuildPhase section */

/* Begin PBXSourcesBuildPhase section */
		19E283C318FC7F80004D49E7 /* Sources */ = {
			isa = PBXSourcesBuildPhase;
			buildActionMask = 2147483647;
			files = (
				19E283E418FC7F80004D49E7 /* tbnMapViewController.m in Sources */,
				19E283D718FC7F80004D49E7 /* main.m in Sources */,
				19E283DB18FC7F80004D49E7 /* tbnAppDelegate.m in Sources */,
				194B7B4C190317B30010CAAE /* tbnCaptureWebView.m in Sources */,
				19E283E718FC7F80004D49E7 /* tbnSecondViewController.m in Sources */,
				19E2841D18FC81A8004D49E7 /* tbnParseManager.m in Sources */,
			);
			runOnlyForDeploymentPostprocessing = 0;
		};
		19E283EA18FC7F80004D49E7 /* Sources */ = {
			isa = PBXSourcesBuildPhase;
			buildActionMask = 2147483647;
			files = (
				19E283FC18FC7F80004D49E7 /* CaptureTests.m in Sources */,
			);
			runOnlyForDeploymentPostprocessing = 0;
		};
/* End PBXSourcesBuildPhase section */

/* Begin PBXTargetDependency section */
		19E283F418FC7F80004D49E7 /* PBXTargetDependency */ = {
			isa = PBXTargetDependency;
			target = 19E283C618FC7F80004D49E7 /* Capture */;
			targetProxy = 19E283F318FC7F80004D49E7 /* PBXContainerItemProxy */;
		};
/* End PBXTargetDependency section */

/* Begin PBXVariantGroup section */
		19E283D318FC7F80004D49E7 /* InfoPlist.strings */ = {
			isa = PBXVariantGroup;
			children = (
				19E283D418FC7F80004D49E7 /* en */,
			);
			name = InfoPlist.strings;
			sourceTree = "<group>";
		};
		19E283DC18FC7F80004D49E7 /* Main_iPhone.storyboard */ = {
			isa = PBXVariantGroup;
			children = (
				19E283DD18FC7F80004D49E7 /* Base */,
			);
			name = Main_iPhone.storyboard;
			sourceTree = "<group>";
		};
		19E283DF18FC7F80004D49E7 /* Main_iPad.storyboard */ = {
			isa = PBXVariantGroup;
			children = (
				19E283E018FC7F80004D49E7 /* Base */,
			);
			name = Main_iPad.storyboard;
			sourceTree = "<group>";
		};
		19E283F818FC7F80004D49E7 /* InfoPlist.strings */ = {
			isa = PBXVariantGroup;
			children = (
				19E283F918FC7F80004D49E7 /* en */,
			);
			name = InfoPlist.strings;
			sourceTree = "<group>";
		};
/* End PBXVariantGroup section */

/* Begin XCBuildConfiguration section */
		19E283FD18FC7F80004D49E7 /* Debug */ = {
			isa = XCBuildConfiguration;
			buildSettings = {
				ALWAYS_SEARCH_USER_PATHS = NO;
				CLANG_CXX_LANGUAGE_STANDARD = "gnu++0x";
				CLANG_CXX_LIBRARY = "libc++";
				CLANG_ENABLE_MODULES = YES;
				CLANG_ENABLE_OBJC_ARC = YES;
				CLANG_WARN_BOOL_CONVERSION = YES;
				CLANG_WARN_CONSTANT_CONVERSION = YES;
				CLANG_WARN_DIRECT_OBJC_ISA_USAGE = YES_ERROR;
				CLANG_WARN_EMPTY_BODY = YES;
				CLANG_WARN_ENUM_CONVERSION = YES;
				CLANG_WARN_INT_CONVERSION = YES;
				CLANG_WARN_OBJC_ROOT_CLASS = YES_ERROR;
				CLANG_WARN__DUPLICATE_METHOD_MATCH = YES;
				"CODE_SIGN_IDENTITY[sdk=iphoneos*]" = "iPhone Developer";
				COPY_PHASE_STRIP = NO;
				GCC_C_LANGUAGE_STANDARD = gnu99;
				GCC_DYNAMIC_NO_PIC = NO;
				GCC_OPTIMIZATION_LEVEL = 0;
				GCC_PREPROCESSOR_DEFINITIONS = (
					"DEBUG=1",
					"$(inherited)",
				);
				GCC_SYMBOLS_PRIVATE_EXTERN = NO;
				GCC_WARN_64_TO_32_BIT_CONVERSION = YES;
				GCC_WARN_ABOUT_RETURN_TYPE = YES_ERROR;
				GCC_WARN_UNDECLARED_SELECTOR = YES;
				GCC_WARN_UNINITIALIZED_AUTOS = YES_AGGRESSIVE;
				GCC_WARN_UNUSED_FUNCTION = YES;
				GCC_WARN_UNUSED_VARIABLE = YES;
				IPHONEOS_DEPLOYMENT_TARGET = 7.1;
				ONLY_ACTIVE_ARCH = YES;
				SDKROOT = iphoneos;
				TARGETED_DEVICE_FAMILY = "1,2";
			};
			name = Debug;
		};
		19E283FE18FC7F80004D49E7 /* Release */ = {
			isa = XCBuildConfiguration;
			buildSettings = {
				ALWAYS_SEARCH_USER_PATHS = NO;
				CLANG_CXX_LANGUAGE_STANDARD = "gnu++0x";
				CLANG_CXX_LIBRARY = "libc++";
				CLANG_ENABLE_MODULES = YES;
				CLANG_ENABLE_OBJC_ARC = YES;
				CLANG_WARN_BOOL_CONVERSION = YES;
				CLANG_WARN_CONSTANT_CONVERSION = YES;
				CLANG_WARN_DIRECT_OBJC_ISA_USAGE = YES_ERROR;
				CLANG_WARN_EMPTY_BODY = YES;
				CLANG_WARN_ENUM_CONVERSION = YES;
				CLANG_WARN_INT_CONVERSION = YES;
				CLANG_WARN_OBJC_ROOT_CLASS = YES_ERROR;
				CLANG_WARN__DUPLICATE_METHOD_MATCH = YES;
				"CODE_SIGN_IDENTITY[sdk=iphoneos*]" = "iPhone Developer";
				COPY_PHASE_STRIP = YES;
				ENABLE_NS_ASSERTIONS = NO;
				GCC_C_LANGUAGE_STANDARD = gnu99;
				GCC_WARN_64_TO_32_BIT_CONVERSION = YES;
				GCC_WARN_ABOUT_RETURN_TYPE = YES_ERROR;
				GCC_WARN_UNDECLARED_SELECTOR = YES;
				GCC_WARN_UNINITIALIZED_AUTOS = YES_AGGRESSIVE;
				GCC_WARN_UNUSED_FUNCTION = YES;
				GCC_WARN_UNUSED_VARIABLE = YES;
				IPHONEOS_DEPLOYMENT_TARGET = 7.1;
				SDKROOT = iphoneos;
				TARGETED_DEVICE_FAMILY = "1,2";
				VALIDATE_PRODUCT = YES;
			};
			name = Release;
		};
		19E2840018FC7F80004D49E7 /* Debug */ = {
			isa = XCBuildConfiguration;
			buildSettings = {
				ASSETCATALOG_COMPILER_APPICON_NAME = AppIcon;
				ASSETCATALOG_COMPILER_LAUNCHIMAGE_NAME = LaunchImage;
				FRAMEWORK_SEARCH_PATHS = (
					"$(inherited)",
					/Volumes/sachabest/Documents/ARGame/ios,
				);
				GCC_PRECOMPILE_PREFIX_HEADER = YES;
				GCC_PREFIX_HEADER = "Capture/Capture-Prefix.pch";
				INFOPLIST_FILE = "Capture/Capture-Info.plist";
				PRODUCT_NAME = "$(TARGET_NAME)";
				WRAPPER_EXTENSION = app;
			};
			name = Debug;
		};
		19E2840118FC7F80004D49E7 /* Release */ = {
			isa = XCBuildConfiguration;
			buildSettings = {
				ASSETCATALOG_COMPILER_APPICON_NAME = AppIcon;
				ASSETCATALOG_COMPILER_LAUNCHIMAGE_NAME = LaunchImage;
				FRAMEWORK_SEARCH_PATHS = (
					"$(inherited)",
					/Volumes/sachabest/Documents/ARGame/ios,
				);
				GCC_PRECOMPILE_PREFIX_HEADER = YES;
				GCC_PREFIX_HEADER = "Capture/Capture-Prefix.pch";
				INFOPLIST_FILE = "Capture/Capture-Info.plist";
				PRODUCT_NAME = "$(TARGET_NAME)";
				WRAPPER_EXTENSION = app;
			};
			name = Release;
		};
		19E2840318FC7F80004D49E7 /* Debug */ = {
			isa = XCBuildConfiguration;
			buildSettings = {
				BUNDLE_LOADER = "$(BUILT_PRODUCTS_DIR)/Capture.app/Capture";
				FRAMEWORK_SEARCH_PATHS = (
					"$(SDKROOT)/Developer/Library/Frameworks",
					"$(inherited)",
					"$(DEVELOPER_FRAMEWORKS_DIR)",
				);
				GCC_PRECOMPILE_PREFIX_HEADER = YES;
				GCC_PREFIX_HEADER = "Capture/Capture-Prefix.pch";
				GCC_PREPROCESSOR_DEFINITIONS = (
					"DEBUG=1",
					"$(inherited)",
				);
				INFOPLIST_FILE = "CaptureTests/CaptureTests-Info.plist";
				PRODUCT_NAME = "$(TARGET_NAME)";
				TEST_HOST = "$(BUNDLE_LOADER)";
				WRAPPER_EXTENSION = xctest;
			};
			name = Debug;
		};
		19E2840418FC7F80004D49E7 /* Release */ = {
			isa = XCBuildConfiguration;
			buildSettings = {
				BUNDLE_LOADER = "$(BUILT_PRODUCTS_DIR)/Capture.app/Capture";
				FRAMEWORK_SEARCH_PATHS = (
					"$(SDKROOT)/Developer/Library/Frameworks",
					"$(inherited)",
					"$(DEVELOPER_FRAMEWORKS_DIR)",
				);
				GCC_PRECOMPILE_PREFIX_HEADER = YES;
				GCC_PREFIX_HEADER = "Capture/Capture-Prefix.pch";
				INFOPLIST_FILE = "CaptureTests/CaptureTests-Info.plist";
				PRODUCT_NAME = "$(TARGET_NAME)";
				TEST_HOST = "$(BUNDLE_LOADER)";
				WRAPPER_EXTENSION = xctest;
			};
			name = Release;
		};
/* End XCBuildConfiguration section */

/* Begin XCConfigurationList section */
		19E283C218FC7F80004D49E7 /* Build configuration list for PBXProject "Capture" */ = {
			isa = XCConfigurationList;
			buildConfigurations = (
				19E283FD18FC7F80004D49E7 /* Debug */,
				19E283FE18FC7F80004D49E7 /* Release */,
			);
			defaultConfigurationIsVisible = 0;
			defaultConfigurationName = Release;
		};
		19E283FF18FC7F80004D49E7 /* Build configuration list for PBXNativeTarget "Capture" */ = {
			isa = XCConfigurationList;
			buildConfigurations = (
				19E2840018FC7F80004D49E7 /* Debug */,
				19E2840118FC7F80004D49E7 /* Release */,
			);
			defaultConfigurationIsVisible = 0;
			defaultConfigurationName = Release;
		};
		19E2840218FC7F80004D49E7 /* Build configuration list for PBXNativeTarget "CaptureTests" */ = {
			isa = XCConfigurationList;
			buildConfigurations = (
				19E2840318FC7F80004D49E7 /* Debug */,
				19E2840418FC7F80004D49E7 /* Release */,
			);
			defaultConfigurationIsVisible = 0;
			defaultConfigurationName = Release;
		};
/* End XCConfigurationList section */
	};
	rootObject = 19E283BF18FC7F7F004D49E7 /* Project object */;
}
